
Microsoft Visual Studio Solution File, Format Version 12.00
# Visual Studio 2012
Project("{FAE04EC0-301F-11D3-BF4B-00C04F79EFBC}") = "UrlsAndRoutes", "UrlsAndRoutes\UrlsAndRoutes.csproj", "{C47CBE47-F5A3-4A00-8AFA-552BDCFC1636}"
EndProject
Project("{FAE04EC0-301F-11D3-BF4B-00C04F79EFBC}") = "UrlsAndRoutes.Tests", "UrlsAndRoutes.Tests\UrlsAndRoutes.Tests.csproj", "{1FFC9225-9B96-4417-84BD-AF4A94B964D8}"
EndProject
Global
	GlobalSection(SolutionConfigurationPlatforms) = preSolution
		Debug|Any CPU = Debug|Any CPU
		Release|Any CPU = Release|Any CPU
	EndGlobalSection
	GlobalSection(ProjectConfigurationPlatforms) = postSolution
		{C47CBE47-F5A3-4A00-8AFA-552BDCFC1636}.Debug|Any CPU.ActiveCfg = Debug|Any CPU
		{C47CBE47-F5A3-4A00-8AFA-552BDCFC1636}.Debug|Any CPU.Build.0 = Debug|Any CPU
		{C47CBE47-F5A3-4A00-8AFA-552BDCFC1636}.Release|Any CPU.ActiveCfg = Release|Any CPU
		{C47CBE47-F5A3-4A00-8AFA-552BDCFC1636}.Release|Any CPU.Build.0 = Release|Any CPU
		{1FFC9225-9B96-4417-84BD-AF4A94B964D8}.Debug|Any CPU.ActiveCfg = Debug|Any CPU
		{1FFC9225-9B96-4417-84BD-AF4A94B964D8}.Debug|Any CPU.Build.0 = Debug|Any CPU
		{1FFC9225-9B96-4417-84BD-AF4A94B964D8}.Release|Any CPU.ActiveCfg = Release|Any CPU
		{1FFC9225-9B96-4417-84BD-AF4A94B964D8}.Release|Any CPU.Build.0 = Release|Any CPU
	EndGlobalSection
	GlobalSection(SolutionProperties) = preSolution
		HideSolutionNode = FALSE
	EndGlobalSection
EndGlobal
